
Microsoft Visual Studio Solution File, Format Version 12.00
# Visual Studio Version 16
VisualStudioVersion = 16.0.30611.23
MinimumVisualStudioVersion = 10.0.40219.1
Project("{FAE04EC0-301F-11D3-BF4B-00C04F79EFBC}") = "DataLayer", "DataLayer\DataLayer.csproj", "{CC9290CA-4323-43D9-B840-785B6D113957}"
EndProject
Project("{FAE04EC0-301F-11D3-BF4B-00C04F79EFBC}") = "DalJson", "DalJson\DalJson.csproj", "{571241B5-15A2-4FDC-9A20-F79694AEDE9F}"
EndProject
Project("{FAE04EC0-301F-11D3-BF4B-00C04F79EFBC}") = "LogicLayer", "LogicLayer\LogicLayer.csproj", "{75F3BF68-F0E0-45CF-A1B0-9DBF449D3928}"
EndProject
Project("{FAE04EC0-301F-11D3-BF4B-00C04F79EFBC}") = "Gui", "Gui\Gui.csproj", "{FDFCA588-B22E-48CD-9347-70114DC97012}"
EndProject
Project("{FAE04EC0-301F-11D3-BF4B-00C04F79EFBC}") = "DalFactory", "DalFactory\DalFactory.csproj", "{B9DC3E74-F80B-4C6C-B3FE-DD6B1BE084DB}"
EndProject
Project("{2150E333-8FDC-42A3-9474-1A3956D46DE8}") = "Solution Items", "Solution Items", "{CBA183E2-55C6-4D6C-8871-E6D2813E040D}"
	ProjectSection(SolutionItems) = preProject
		.editorconfig = .editorconfig
		bin\pairmatching.json = bin\pairmatching.json
	EndProjectSection
EndProject
Project("{FAE04EC0-301F-11D3-BF4B-00C04F79EFBC}") = "DalMongo", "DalMongo\DalMongo.csproj", "{A07A733F-D9D2-4D82-A938-D0DA62B72907}"
EndProject
Project("{FAE04EC0-301F-11D3-BF4B-00C04F79EFBC}") = "UtilEntities", "UtilEntities\UtilEntities.csproj", "{B12F6A06-B5C2-495C-8901-83AC9724DFA2}"
EndProject
Global
	GlobalSection(SolutionConfigurationPlatforms) = preSolution
		Debug|Any CPU = Debug|Any CPU
		Release|Any CPU = Release|Any CPU
	EndGlobalSection
	GlobalSection(ProjectConfigurationPlatforms) = postSolution
		{CC9290CA-4323-43D9-B840-785B6D113957}.Debug|Any CPU.ActiveCfg = Debug|Any CPU
		{CC9290CA-4323-43D9-B840-785B6D113957}.Debug|Any CPU.Build.0 = Debug|Any CPU
		{CC9290CA-4323-43D9-B840-785B6D113957}.Release|Any CPU.ActiveCfg = Release|Any CPU
		{CC9290CA-4323-43D9-B840-785B6D113957}.Release|Any CPU.Build.0 = Release|Any CPU
		{571241B5-15A2-4FDC-9A20-F79694AEDE9F}.Debug|Any CPU.ActiveCfg = Debug|Any CPU
		{571241B5-15A2-4FDC-9A20-F79694AEDE9F}.Debug|Any CPU.Build.0 = Debug|Any CPU
		{571241B5-15A2-4FDC-9A20-F79694AEDE9F}.Release|Any CPU.ActiveCfg = Release|Any CPU
		{571241B5-15A2-4FDC-9A20-F79694AEDE9F}.Release|Any CPU.Build.0 = Release|Any CPU
		{75F3BF68-F0E0-45CF-A1B0-9DBF449D3928}.Debug|Any CPU.ActiveCfg = Debug|Any CPU
		{75F3BF68-F0E0-45CF-A1B0-9DBF449D3928}.Debug|Any CPU.Build.0 = Debug|Any CPU
		{75F3BF68-F0E0-45CF-A1B0-9DBF449D3928}.Release|Any CPU.ActiveCfg = Release|Any CPU
		{75F3BF68-F0E0-45CF-A1B0-9DBF449D3928}.Release|Any CPU.Build.0 = Release|Any CPU
		{FDFCA588-B22E-48CD-9347-70114DC97012}.Debug|Any CPU.ActiveCfg = Debug|Any CPU
		{FDFCA588-B22E-48CD-9347-70114DC97012}.Debug|Any CPU.Build.0 = Debug|Any CPU
		{FDFCA588-B22E-48CD-9347-70114DC97012}.Release|Any CPU.ActiveCfg = Release|Any CPU
		{FDFCA588-B22E-48CD-9347-70114DC97012}.Release|Any CPU.Build.0 = Release|Any CPU
		{B9DC3E74-F80B-4C6C-B3FE-DD6B1BE084DB}.Debug|Any CPU.ActiveCfg = Debug|Any CPU
		{B9DC3E74-F80B-4C6C-B3FE-DD6B1BE084DB}.Debug|Any CPU.Build.0 = Debug|Any CPU
		{B9DC3E74-F80B-4C6C-B3FE-DD6B1BE084DB}.Release|Any CPU.ActiveCfg = Release|Any CPU
		{B9DC3E74-F80B-4C6C-B3FE-DD6B1BE084DB}.Release|Any CPU.Build.0 = Release|Any CPU
		{A07A733F-D9D2-4D82-A938-D0DA62B72907}.Debug|Any CPU.ActiveCfg = Debug|Any CPU
		{A07A733F-D9D2-4D82-A938-D0DA62B72907}.Debug|Any CPU.Build.0 = Debug|Any CPU
		{A07A733F-D9D2-4D82-A938-D0DA62B72907}.Release|Any CPU.ActiveCfg = Release|Any CPU
		{A07A733F-D9D2-4D82-A938-D0DA62B72907}.Release|Any CPU.Build.0 = Release|Any CPU
		{B12F6A06-B5C2-495C-8901-83AC9724DFA2}.Debug|Any CPU.ActiveCfg = Debug|Any CPU
		{B12F6A06-B5C2-495C-8901-83AC9724DFA2}.Debug|Any CPU.Build.0 = Debug|Any CPU
		{B12F6A06-B5C2-495C-8901-83AC9724DFA2}.Release|Any CPU.ActiveCfg = Release|Any CPU
		{B12F6A06-B5C2-495C-8901-83AC9724DFA2}.Release|Any CPU.Build.0 = Release|Any CPU
	EndGlobalSection
	GlobalSection(SolutionProperties) = preSolution
		HideSolutionNode = FALSE
	EndGlobalSection
	GlobalSection(ExtensibilityGlobals) = postSolution
		SolutionGuid = {A0959DC3-9CA3-43A3-8F5D-45721101D04D}
	EndGlobalSection
EndGlobal
